
Microsoft Visual Studio Solution File, Format Version 12.00
# Visual Studio Version 17
VisualStudioVersion = 17.1.32328.378
MinimumVisualStudioVersion = 10.0.40219.1
Project("{FAE04EC0-301F-11D3-BF4B-00C04F79EFBC}") = "LibraryManagment", "LibraryManagment.csproj", "{D492A7ED-CA7F-4811-BCB1-4E21B2D06FB7}"
EndProject
Global
	GlobalSection(SolutionConfigurationPlatforms) = preSolution
		Debug|Any CPU = Debug|Any CPU
		Release|Any CPU = Release|Any CPU
	EndGlobalSection
	GlobalSection(ProjectConfigurationPlatforms) = postSolution
		{D492A7ED-CA7F-4811-BCB1-4E21B2D06FB7}.Debug|Any CPU.ActiveCfg = Debug|Any CPU
		{D492A7ED-CA7F-4811-BCB1-4E21B2D06FB7}.Debug|Any CPU.Build.0 = Debug|Any CPU
		{D492A7ED-CA7F-4811-BCB1-4E21B2D06FB7}.Release|Any CPU.ActiveCfg = Release|Any CPU
		{D492A7ED-CA7F-4811-BCB1-4E21B2D06FB7}.Release|Any CPU.Build.0 = Release|Any CPU
	EndGlobalSection
	GlobalSection(SolutionProperties) = preSolution
		HideSolutionNode = FALSE
	EndGlobalSection
	GlobalSection(ExtensibilityGlobals) = postSolution
		SolutionGuid = {05CC3CF6-2EE3-4E8A-B959-462CB3A55344}
	EndGlobalSection
EndGlobal
